
Microsoft Visual Studio Solution File, Format Version 12.00
# Visual Studio Version 17
VisualStudioVersion = 17.0.31903.59
MinimumVisualStudioVersion = 10.0.40219.1
Project("{FAE04EC0-301F-11D3-BF4B-00C04F79EFBC}") = "HaighFramework", "HaighFramework.csproj", "{4199EBA6-D68A-4FAF-ACC5-D4D59A89EFDC}"
EndProject
Global
	GlobalSection(SolutionConfigurationPlatforms) = preSolution
		Debug|Any CPU = Debug|Any CPU
		Release|Any CPU = Release|Any CPU
	EndGlobalSection
	GlobalSection(ProjectConfigurationPlatforms) = postSolution
		{4199EBA6-D68A-4FAF-ACC5-D4D59A89EFDC}.Debug|Any CPU.ActiveCfg = Debug|Any CPU
		{4199EBA6-D68A-4FAF-ACC5-D4D59A89EFDC}.Debug|Any CPU.Build.0 = Debug|Any CPU
		{4199EBA6-D68A-4FAF-ACC5-D4D59A89EFDC}.Release|Any CPU.ActiveCfg = Release|Any CPU
		{4199EBA6-D68A-4FAF-ACC5-D4D59A89EFDC}.Release|Any CPU.Build.0 = Release|Any CPU
	EndGlobalSection
	GlobalSection(SolutionProperties) = preSolution
		HideSolutionNode = FALSE
	EndGlobalSection
	GlobalSection(ExtensibilityGlobals) = postSolution
		SolutionGuid = {C9B882E4-6FB7-493E-93DC-4670390A2242}
	EndGlobalSection
EndGlobal
